PODS:
  - Daily (0.5.0)
  - daily_client (0.0.1):
    - Daily
    - Flutter
  - Flutter (1.0.0)

DEPENDENCIES:
  - daily_client (from `.symlinks/plugins/daily_client/ios`)
  - Flutter (from `Flutter`)

SPEC REPOS:
  trunk:
    - Daily

EXTERNAL SOURCES:
  daily_client:
    :path: ".symlinks/plugins/daily_client/ios"
  Flutter:
    :path: Flutter

SPEC CHECKSUMS:
  Daily: 63ef78150b2ac63eebec018b86267f9c2dba42cd
  daily_client: 75abf6228c941f253494958a9734609cf388659b
  Flutter: f04841e97a9d0b0a8025694d0796dd46242b2854

PODFILE CHECKSUM: cc1f88378b4bfcf93a6ce00d2c587857c6008d3b

COCOAPODS: 1.11.3
